<?xml version="1.0" encoding="utf-8"?>
<Project ToolsVersion="17.0" xmlns="http://schemas.microsoft.com/developer/msbuild/2003">
  <ItemGroup>
    <CustomBuild Include="E:\gRPC\grpc\vs\CMakeFiles\67fb4cf2c17a5e7f88bccef22edba144\tools.rule">
      <Filter>CMake Rules</Filter>
    </CustomBuild>
    <CustomBuild Include="E:\gRPC\grpc\CMakeLists.txt" />
  </ItemGroup>
  <ItemGroup>
    <None Include="E:\gRPC\grpc\vs\CMakeFiles\tools" />
  </ItemGroup>
  <ItemGroup>
    <Filter Include="CMake Rules">
      <UniqueIdentifier>{00989AA3-7543-3869-974C-B9C8C357DAEF}</UniqueIdentifier>
    </Filter>
  </ItemGroup>
</Project>
